<?xml version="1.0" encoding="utf-8"?>
<Project ToolsVersion="4.0" xmlns="http://schemas.microsoft.com/developer/msbuild/2003">
  <ItemGroup>
    <Filter Include="Source Files">
      <UniqueIdentifier>{4FC737F1-C7A5-4376-A066-2A32D752A2FF}</UniqueIdentifier>
      <Extensions>cpp;c;cc;cxx;c++;cppm;ixx;def;odl;idl;hpj;bat;asm;asmx</Extensions>
    </Filter>
    <Filter Include="Header Files">
      <UniqueIdentifier>{93995380-89BD-4b04-88EB-625FBE52EBFB}</UniqueIdentifier>
      <Extensions>h;hh;hpp;hxx;h++;hm;inl;inc;ipp;xsd</Extensions>
    </Filter>
    <Filter Include="Resource Files">
      <UniqueIdentifier>{67DA6AB6-F800-4c08-8B7A-83BB121AAD01}</UniqueIdentifier>
      <Extensions>rc;ico;cur;bmp;dlg;rc2;rct;bin;rgs;gif;jpg;jpeg;jpe;resx;tiff;tif;png;wav;mfcribbon-ms</Extensions>
    </Filter>
    <Filter Include="shaders">
      <UniqueIdentifier>{2c711230-5092-4dbf-be17-61c03b164193}</UniqueIdentifier>
    </Filter>
    <Filter Include="Header Files\imgui">
      <UniqueIdentifier>{17aee2d2-8f5f-4387-9264-66e14065b519}</UniqueIdentifier>
    </Filter>
    <Filter Include="Source Files\imgui">
      <UniqueIdentifier>{6238bc28-44cd-4be9-865f-d6121165a057}</UniqueIdentifier>
    </Filter>
    <Filter Include="Header Files\imgui\libs">
      <UniqueIdentifier>{675157f9-8457-4576-95d0-9ac080ddb882}</UniqueIdentifier>
    </Filter>
    <Filter Include="Source Files\imgui\libs">
      <UniqueIdentifier>{8339b25a-5dcc-4441-a8c9-0172131075d3}</UniqueIdentifier>
    </Filter>
    <Filter Include="Header Files\imgui\nodes">
      <UniqueIdentifier>{fc9d751a-c70c-4c68-bda2-e6e580d5072e}</UniqueIdentifier>
    </Filter>
    <Filter Include="Source Files\imgui\nodes">
      <UniqueIdentifier>{83b36d28-5b39-43fd-a68c-29fd9092ce40}</UniqueIdentifier>
    </Filter>
  </ItemGroup>
  <ItemGroup>
    <ClCompile Include="src\main.cpp">
      <Filter>Source Files</Filter>
    </ClCompile>
    <ClCompile Include="src\vulkan\application.cpp">
      <Filter>Source Files</Filter>
    </ClCompile>
    <ClCompile Include="src\vulkan\vertex.cpp">
      <Filter>Source Files</Filter>
    </ClCompile>
    <ClCompile Include="src\vulkan\texture\texture2D.cpp">
      <Filter>Source Files</Filter>
    </ClCompile>
    <ClCompile Include="src\vulkan\mesh\mesh.cpp">
      <Filter>Source Files</Filter>
    </ClCompile>
    <ClCompile Include="src\vulkan\object\object.cpp">
      <Filter>Source Files</Filter>
    </ClCompile>
    <ClCompile Include="src\vulkan\transform\rotation.cpp">
      <Filter>Source Files</Filter>
    </ClCompile>
    <ClCompile Include="src\vulkan\transform\scale.cpp">
      <Filter>Source Files</Filter>
    </ClCompile>
    <ClCompile Include="src\vulkan\transform\translation.cpp">
      <Filter>Source Files</Filter>
    </ClCompile>
    <ClCompile Include="src\vulkan\scene.cpp">
      <Filter>Source Files</Filter>
    </ClCompile>
    <ClCompile Include="src\vulkan\camera.cpp">
      <Filter>Source Files</Filter>
    </ClCompile>
    <ClCompile Include="src\vulkan\light\light.cpp">
      <Filter>Source Files</Filter>
    </ClCompile>
    <ClCompile Include="src\GUI\light\imguilight.cpp">
      <Filter>Source Files\imgui</Filter>
    </ClCompile>
    <ClCompile Include="src\GUI\object\imguiobject.cpp">
      <Filter>Source Files\imgui</Filter>
    </ClCompile>
    <ClCompile Include="src\GUI\mainmenu.cpp">
      <Filter>Source Files\imgui</Filter>
    </ClCompile>
    <ClCompile Include="..\..\Libaries\imgui-1.90.1\imgui.cpp">
      <Filter>Source Files\imgui\libs</Filter>
    </ClCompile>
    <ClCompile Include="..\..\Libaries\imgui-1.90.1\imgui_demo.cpp">
      <Filter>Source Files\imgui\libs</Filter>
    </ClCompile>
    <ClCompile Include="..\..\Libaries\imgui-1.90.1\imgui_draw.cpp">
      <Filter>Source Files\imgui\libs</Filter>
    </ClCompile>
    <ClCompile Include="..\..\Libaries\imgui-1.90.1\backends\imgui_impl_vulkan.cpp">
      <Filter>Source Files\imgui\libs</Filter>
    </ClCompile>
    <ClCompile Include="..\..\Libaries\imgui-1.90.1\backends\imgui_impl_glfw.cpp">
      <Filter>Source Files\imgui\libs</Filter>
    </ClCompile>
    <ClCompile Include="..\..\Libaries\imgui-1.90.1\imgui_tables.cpp">
      <Filter>Source Files\imgui\libs</Filter>
    </ClCompile>
    <ClCompile Include="..\..\Libaries\imgui-1.90.1\imgui_widgets.cpp">
      <Filter>Source Files\imgui\libs</Filter>
    </ClCompile>
    <ClCompile Include="..\..\Libaries\imGuIZMO.quat\imGuIZMO.quat\imGuIZMOquat.cpp">
      <Filter>Source Files\imgui\libs</Filter>
    </ClCompile>
    <ClCompile Include="src\GUI\transform\imguitranslation.cpp">
      <Filter>Source Files\imgui</Filter>
    </ClCompile>
    <ClCompile Include="src\GUI\transform\imguiscale.cpp">
      <Filter>Source Files\imgui</Filter>
    </ClCompile>
    <ClCompile Include="src\GUI\transform\imguirotation.cpp">
      <Filter>Source Files\imgui</Filter>
    </ClCompile>
    <ClCompile Include="src\GUI\transform\imguitransformation.cpp">
      <Filter>Source Files\imgui</Filter>
    </ClCompile>
    <ClCompile Include="src\vulkan\transform\transformation.cpp">
      <Filter>Source Files</Filter>
    </ClCompile>
    <ClCompile Include="..\..\Libaries\imnodes\imnodes.cpp">
      <Filter>Source Files\imgui\libs</Filter>
    </ClCompile>
    <ClCompile Include="src\GUI\nodes\nodeeditor.cpp">
      <Filter>Source Files\imgui\nodes</Filter>
    </ClCompile>
    <ClCompile Include="src\vulkan\material\material.cpp">
      <Filter>Source Files</Filter>
    </ClCompile>
    <ClCompile Include="src\GUI\nodes\input\texturenode.cpp">
      <Filter>Source Files\imgui\nodes</Filter>
    </ClCompile>
    <ClCompile Include="src\GUI\nodes\edit\mixernode.cpp">
      <Filter>Source Files\imgui\nodes</Filter>
    </ClCompile>
    <ClCompile Include="src\GUI\nodes\input\colorconstnode.cpp">
      <Filter>Source Files\imgui\nodes</Filter>
    </ClCompile>
    <ClCompile Include="src\GUI\nodes\output\outputnodePBR.cpp">
      <Filter>Source Files\imgui\nodes</Filter>
    </ClCompile>
    <ClCompile Include="src\GUI\nodes\output\outputnodePhong.cpp">
      <Filter>Source Files\imgui\nodes</Filter>
    </ClCompile>
    <ClCompile Include="src\GUI\nodes\edit\maskingnode.cpp">
      <Filter>Source Files\imgui\nodes</Filter>
    </ClCompile>
    <ClCompile Include="src\GUI\nodes\edit\invertednode.cpp">
      <Filter>Source Files\imgui\nodes</Filter>
    </ClCompile>
    <ClCompile Include="src\GUI\nodes\edit\mathnode.cpp">
      <Filter>Source Files\imgui\nodes</Filter>
    </ClCompile>
    <ClCompile Include="src\GUI\nodes\input\checkeredtexturenode.cpp">
      <Filter>Source Files\imgui\nodes</Filter>
    </ClCompile>
    <ClCompile Include="src\GUI\nodes\input\positionnode.cpp">
      <Filter>Source Files\imgui\nodes</Filter>
    </ClCompile>
    <ClCompile Include="src\GUI\nodes\input\floatpickernode.cpp">
      <Filter>Source Files</Filter>
    </ClCompile>
    <ClCompile Include="src\GUI\nodes\edit\vecassemblernode.cpp">
      <Filter>Source Files</Filter>
    </ClCompile>
    <ClCompile Include="src\GUI\nodes\edit\vecdisassemblernode.cpp">
      <Filter>Source Files</Filter>
    </ClCompile>
    <ClCompile Include="src\vulkan\material\materialPhong.cpp">
      <Filter>Source Files</Filter>
    </ClCompile>
    <ClCompile Include="src\vulkan\material\materialPBR.cpp">
      <Filter>Source Files</Filter>
    </ClCompile>
    <ClCompile Include="src\vulkan\texture\texture.cpp">
      <Filter>Source Files</Filter>
    </ClCompile>
    <ClCompile Include="src\vulkan\texture\cubemap.cpp">
      <Filter>Source Files</Filter>
    </ClCompile>
    <ClCompile Include="src\GUI\nodes\cubemappreview.cpp">
      <Filter>Source Files</Filter>
    </ClCompile>
    <ClCompile Include="src\GUI\stats.cpp">
      <Filter>Source Files</Filter>
    </ClCompile>
    <ClCompile Include="src\vulkan\material\materialstore.cpp">
      <Filter>Source Files</Filter>
    </ClCompile>
    <ClCompile Include="src\GUI\material\imguimaterial.cpp">
      <Filter>Source Files</Filter>
    </ClCompile>
    <ClCompile Include="..\..\Libaries\imgui-1.90.1\misc\cpp\imgui_stdlib.cpp">
      <Filter>Source Files</Filter>
    </ClCompile>
    <ClCompile Include="src\GUI\material\renamewindow.cpp">
      <Filter>Source Files</Filter>
    </ClCompile>
    <ClCompile Include="src\vulkan\material\materialEnvMap.cpp">
      <Filter>Source Files</Filter>
    </ClCompile>
    <ClCompile Include="src\GUI\nodes\output\outputnodeEnvMap.cpp">
      <Filter>Source Files</Filter>
    </ClCompile>
  </ItemGroup>
  <ItemGroup>
    <ClInclude Include="inc\vulkan\application.h">
      <Filter>Header Files</Filter>
    </ClInclude>
    <ClInclude Include="inc\vulkan\mesh\vertex.h">
      <Filter>Header Files</Filter>
    </ClInclude>
    <ClInclude Include="inc\vulkan\uniformbufferobject.h">
      <Filter>Header Files</Filter>
    </ClInclude>
    <ClInclude Include="inc\vulkan\texture\texture2D.h">
      <Filter>Header Files</Filter>
    </ClInclude>
    <ClInclude Include="inc\vulkan\mesh\mesh.h">
      <Filter>Header Files</Filter>
    </ClInclude>
    <ClInclude Include="inc\vulkan\object\object.h">
      <Filter>Header Files</Filter>
    </ClInclude>
    <ClInclude Include="inc\vulkan\transform\rotation.h">
      <Filter>Header Files</Filter>
    </ClInclude>
    <ClInclude Include="inc\vulkan\transform\transformation.h">
      <Filter>Header Files</Filter>
    </ClInclude>
    <ClInclude Include="inc\vulkan\transform\scale.h">
      <Filter>Header Files</Filter>
    </ClInclude>
    <ClInclude Include="inc\vulkan\transform\translation.h">
      <Filter>Header Files</Filter>
    </ClInclude>
    <ClInclude Include="inc\vulkan\scene.h">
      <Filter>Header Files</Filter>
    </ClInclude>
    <ClInclude Include="inc\vulkan\camera.h">
      <Filter>Header Files</Filter>
    </ClInclude>
    <ClInclude Include="inc\vulkan\material\material.h">
      <Filter>Header Files</Filter>
    </ClInclude>
    <ClInclude Include="inc\vulkan\light\light.h">
      <Filter>Header Files</Filter>
    </ClInclude>
    <ClInclude Include="inc\GUI\light\imguilight.h">
      <Filter>Header Files\imgui</Filter>
    </ClInclude>
    <ClInclude Include="inc\GUI\object\imguiobject.h">
      <Filter>Header Files\imgui</Filter>
    </ClInclude>
    <ClInclude Include="inc\GUI\mainmenu.h">
      <Filter>Header Files\imgui</Filter>
    </ClInclude>
    <ClInclude Include="..\..\Libaries\imGuIZMO.quat\imGuIZMO.quat\imGuIZMOquat.h">
      <Filter>Header Files\imgui\libs</Filter>
    </ClInclude>
    <ClInclude Include="..\..\Libaries\imnodes\imnodes.h">
      <Filter>Header Files\imgui\libs</Filter>
    </ClInclude>
    <ClInclude Include="..\..\Libaries\imnodes\imnodes_internal.h">
      <Filter>Header Files\imgui\libs</Filter>
    </ClInclude>
    <ClInclude Include="..\..\Libaries\imGuIZMO.quat\imGuIZMO.quat\vgConfig.h">
      <Filter>Header Files\imgui\libs</Filter>
    </ClInclude>
    <ClInclude Include="..\..\Libaries\imGuIZMO.quat\imGuIZMO.quat\vGizmo.h">
      <Filter>Header Files\imgui\libs</Filter>
    </ClInclude>
    <ClInclude Include="..\..\Libaries\imGuIZMO.quat\imGuIZMO.quat\vGizmoMath.h">
      <Filter>Header Files\imgui\libs</Filter>
    </ClInclude>
    <ClInclude Include="..\..\Libaries\imGuIZMO.quat\imGuIZMO.quat\vgMath.h">
      <Filter>Header Files\imgui\libs</Filter>
    </ClInclude>
    <ClInclude Include="inc\GUI\transform\imguitransformation.h">
      <Filter>Header Files\imgui</Filter>
    </ClInclude>
    <ClInclude Include="inc\GUI\transform\imguitranslation.h">
      <Filter>Header Files\imgui</Filter>
    </ClInclude>
    <ClInclude Include="inc\GUI\transform\imguiscale.h">
      <Filter>Header Files\imgui</Filter>
    </ClInclude>
    <ClInclude Include="inc\GUI\transform\imguirotation.h">
      <Filter>Header Files\imgui</Filter>
    </ClInclude>
    <ClInclude Include="inc\GUI\nodes\nodeeditor.h">
      <Filter>Header Files\imgui\nodes</Filter>
    </ClInclude>
    <ClInclude Include="inc\vulkan\object\objectuniformbufferobject.h">
      <Filter>Header Files</Filter>
    </ClInclude>
    <ClInclude Include="inc\GUI\nodes\output\outputnode.h">
      <Filter>Header Files\imgui\nodes</Filter>
    </ClInclude>
    <ClInclude Include="inc\GUI\nodes\node.h">
      <Filter>Header Files\imgui\nodes</Filter>
    </ClInclude>
    <ClInclude Include="inc\GUI\nodes\input\texturenode.h">
      <Filter>Header Files\imgui\nodes</Filter>
    </ClInclude>
    <ClInclude Include="inc\GUI\nodes\edit\mixernode.h">
      <Filter>Header Files\imgui\nodes</Filter>
    </ClInclude>
    <ClInclude Include="inc\GUI\nodes\input\colorconstnode.h">
      <Filter>Header Files\imgui\nodes</Filter>
    </ClInclude>
    <ClInclude Include="inc\GUI\nodes\output\outputnodePBR.h">
      <Filter>Header Files\imgui\nodes</Filter>
    </ClInclude>
    <ClInclude Include="inc\GUI\nodes\output\outputnodePhong.h">
      <Filter>Header Files\imgui\nodes</Filter>
    </ClInclude>
    <ClInclude Include="inc\GUI\nodes\edit\maskingnode.h">
      <Filter>Header Files\imgui\nodes</Filter>
    </ClInclude>
    <ClInclude Include="inc\GUI\nodes\edit\invertednode.h">
      <Filter>Header Files\imgui\nodes</Filter>
    </ClInclude>
    <ClInclude Include="inc\GUI\nodes\edit\mathnode.h">
      <Filter>Header Files\imgui\nodes</Filter>
    </ClInclude>
    <ClInclude Include="inc\GUI\nodes\input\checkeredtexturenode.h">
      <Filter>Header Files\imgui\nodes</Filter>
    </ClInclude>
    <ClInclude Include="inc\GUI\nodes\input\positionnode.h">
      <Filter>Header Files\imgui\nodes</Filter>
    </ClInclude>
    <ClInclude Include="inc\GUI\nodes\input\floatpickernode.h">
      <Filter>Header Files</Filter>
    </ClInclude>
    <ClInclude Include="inc\GUI\nodes\edit\vecassemblernode.h">
      <Filter>Header Files</Filter>
    </ClInclude>
    <ClInclude Include="inc\GUI\nodes\edit\vecdisassemblernode.h">
      <Filter>Header Files</Filter>
    </ClInclude>
    <ClInclude Include="inc\vulkan\material\materialPhong.h">
      <Filter>Header Files</Filter>
    </ClInclude>
    <ClInclude Include="inc\vulkan\material\materialPBR.h">
      <Filter>Header Files</Filter>
    </ClInclude>
    <ClInclude Include="inc\vulkan\texture\texture.h">
      <Filter>Header Files</Filter>
    </ClInclude>
    <ClInclude Include="inc\vulkan\texture\cubemap.h">
      <Filter>Header Files</Filter>
    </ClInclude>
    <ClInclude Include="inc\GUI\nodes\cubemappreview.h">
      <Filter>Header Files</Filter>
    </ClInclude>
    <ClInclude Include="inc\GUI\stats.h">
      <Filter>Header Files</Filter>
    </ClInclude>
    <ClInclude Include="inc\vulkan\material\materialstore.h">
      <Filter>Header Files</Filter>
    </ClInclude>
    <ClInclude Include="inc\GUI\material\imguimaterial.h">
      <Filter>Header Files</Filter>
    </ClInclude>
    <ClInclude Include="inc\GUI\material\renamewindow.h">
      <Filter>Header Files</Filter>
    </ClInclude>
    <ClInclude Include="inc\vulkan\material\materialEnvMap.h">
      <Filter>Header Files</Filter>
    </ClInclude>
    <ClInclude Include="inc\GUI\nodes\output\outputnodeEnvMap.h">
      <Filter>Header Files</Filter>
    </ClInclude>
  </ItemGroup>
  <ItemGroup>
    <None Include="shaders\frag.spv">
      <Filter>shaders</Filter>
    </None>
    <None Include="shaders\shader.frag">
      <Filter>shaders</Filter>
    </None>
    <None Include="shaders\shader.vert">
      <Filter>shaders</Filter>
    </None>
    <None Include="shaders\vert.spv">
      <Filter>shaders</Filter>
    </None>
  </ItemGroup>
</Project>