<?xml version="1.0" encoding="utf-8"?>
<Project ToolsVersion="4.0" xmlns="http://schemas.microsoft.com/developer/msbuild/2003">
  <ItemGroup>
    <Filter Include="Source Files">
      <UniqueIdentifier>{4FC737F1-C7A5-4376-A066-2A32D752A2FF}</UniqueIdentifier>
      <Extensions>cpp;c;cc;cxx;c++;cppm;ixx;def;odl;idl;hpj;bat;asm;asmx</Extensions>
    </Filter>
    <Filter Include="Header Files">
      <UniqueIdentifier>{93995380-89BD-4b04-88EB-625FBE52EBFB}</UniqueIdentifier>
      <Extensions>h;hh;hpp;hxx;h++;hm;inl;inc;ipp;xsd</Extensions>
    </Filter>
    <Filter Include="Resource Files">
      <UniqueIdentifier>{67DA6AB6-F800-4c08-8B7A-83BB121AAD01}</UniqueIdentifier>
      <Extensions>rc;ico;cur;bmp;dlg;rc2;rct;bin;rgs;gif;jpg;jpeg;jpe;resx;tiff;tif;png;wav;mfcribbon-ms</Extensions>
    </Filter>
    <Filter Include="shaders">
      <UniqueIdentifier>{2c711230-5092-4dbf-be17-61c03b164193}</UniqueIdentifier>
    </Filter>
    <Filter Include="Header Files\imgui">
      <UniqueIdentifier>{17aee2d2-8f5f-4387-9264-66e14065b519}</UniqueIdentifier>
    </Filter>
    <Filter Include="Source Files\imgui">
      <UniqueIdentifier>{6238bc28-44cd-4be9-865f-d6121165a057}</UniqueIdentifier>
    </Filter>
    <Filter Include="Header Files\imgui\libs">
      <UniqueIdentifier>{675157f9-8457-4576-95d0-9ac080ddb882}</UniqueIdentifier>
    </Filter>
    <Filter Include="Source Files\imgui\libs">
      <UniqueIdentifier>{8339b25a-5dcc-4441-a8c9-0172131075d3}</UniqueIdentifier>
    </Filter>
    <Filter Include="Header Files\imgui\nodes">
      <UniqueIdentifier>{fc9d751a-c70c-4c68-bda2-e6e580d5072e}</UniqueIdentifier>
    </Filter>
    <Filter Include="Source Files\imgui\nodes">
      <UniqueIdentifier>{83b36d28-5b39-43fd-a68c-29fd9092ce40}</UniqueIdentifier>
    </Filter>
  </ItemGroup>
  <ItemGroup>
    <ClCompile Include="main.cpp">
      <Filter>Source Files</Filter>
    </ClCompile>
    <ClCompile Include="application.cpp">
      <Filter>Source Files</Filter>
    </ClCompile>
    <ClCompile Include="vertex.cpp">
      <Filter>Source Files</Filter>
    </ClCompile>
    <ClCompile Include="texture.cpp">
      <Filter>Source Files</Filter>
    </ClCompile>
    <ClCompile Include="mesh.cpp">
      <Filter>Source Files</Filter>
    </ClCompile>
    <ClCompile Include="object.cpp">
      <Filter>Source Files</Filter>
    </ClCompile>
    <ClCompile Include="rotation.cpp">
      <Filter>Source Files</Filter>
    </ClCompile>
    <ClCompile Include="scale.cpp">
      <Filter>Source Files</Filter>
    </ClCompile>
    <ClCompile Include="translation.cpp">
      <Filter>Source Files</Filter>
    </ClCompile>
    <ClCompile Include="scene.cpp">
      <Filter>Source Files</Filter>
    </ClCompile>
    <ClCompile Include="camera.cpp">
      <Filter>Source Files</Filter>
    </ClCompile>
    <ClCompile Include="light.cpp">
      <Filter>Source Files</Filter>
    </ClCompile>
    <ClCompile Include="imguilight.cpp">
      <Filter>Source Files\imgui</Filter>
    </ClCompile>
    <ClCompile Include="imguiobject.cpp">
      <Filter>Source Files\imgui</Filter>
    </ClCompile>
    <ClCompile Include="mainmenu.cpp">
      <Filter>Source Files\imgui</Filter>
    </ClCompile>
    <ClCompile Include="..\..\Libaries\imgui-1.90.1\imgui.cpp">
      <Filter>Source Files\imgui\libs</Filter>
    </ClCompile>
    <ClCompile Include="..\..\Libaries\imgui-1.90.1\imgui_demo.cpp">
      <Filter>Source Files\imgui\libs</Filter>
    </ClCompile>
    <ClCompile Include="..\..\Libaries\imgui-1.90.1\imgui_draw.cpp">
      <Filter>Source Files\imgui\libs</Filter>
    </ClCompile>
    <ClCompile Include="..\..\Libaries\imgui-1.90.1\backends\imgui_impl_vulkan.cpp">
      <Filter>Source Files\imgui\libs</Filter>
    </ClCompile>
    <ClCompile Include="..\..\Libaries\imgui-1.90.1\backends\imgui_impl_glfw.cpp">
      <Filter>Source Files\imgui\libs</Filter>
    </ClCompile>
    <ClCompile Include="..\..\Libaries\imgui-1.90.1\imgui_tables.cpp">
      <Filter>Source Files\imgui\libs</Filter>
    </ClCompile>
    <ClCompile Include="..\..\Libaries\imgui-1.90.1\imgui_widgets.cpp">
      <Filter>Source Files\imgui\libs</Filter>
    </ClCompile>
    <ClCompile Include="..\..\Libaries\imGuIZMO.quat\imGuIZMO.quat\imGuIZMOquat.cpp">
      <Filter>Source Files\imgui\libs</Filter>
    </ClCompile>
    <ClCompile Include="imguitranslation.cpp">
      <Filter>Source Files\imgui</Filter>
    </ClCompile>
    <ClCompile Include="imguiscale.cpp">
      <Filter>Source Files\imgui</Filter>
    </ClCompile>
    <ClCompile Include="imguirotation.cpp">
      <Filter>Source Files\imgui</Filter>
    </ClCompile>
    <ClCompile Include="imguitransformation.cpp">
      <Filter>Source Files\imgui</Filter>
    </ClCompile>
    <ClCompile Include="transformation.cpp">
      <Filter>Source Files</Filter>
    </ClCompile>
    <ClCompile Include="..\..\Libaries\imnodes\imnodes.cpp">
      <Filter>Source Files\imgui\libs</Filter>
    </ClCompile>
    <ClCompile Include="nodeeditor.cpp">
      <Filter>Source Files\imgui\nodes</Filter>
    </ClCompile>
    <ClCompile Include="material.cpp">
      <Filter>Source Files</Filter>
    </ClCompile>
    <ClCompile Include="texturenode.cpp">
      <Filter>Source Files\imgui\nodes</Filter>
    </ClCompile>
    <ClCompile Include="mixernode.cpp">
      <Filter>Source Files\imgui\nodes</Filter>
    </ClCompile>
    <ClCompile Include="colorconstnode.cpp">
      <Filter>Source Files\imgui\nodes</Filter>
    </ClCompile>
    <ClCompile Include="outputnodePBR.cpp">
      <Filter>Source Files\imgui\nodes</Filter>
    </ClCompile>
    <ClCompile Include="outputnodePhong.cpp">
      <Filter>Source Files\imgui\nodes</Filter>
    </ClCompile>
    <ClCompile Include="maskingnode.cpp">
      <Filter>Source Files\imgui\nodes</Filter>
    </ClCompile>
  </ItemGroup>
  <ItemGroup>
    <ClInclude Include="application.h">
      <Filter>Header Files</Filter>
    </ClInclude>
    <ClInclude Include="vertex.h">
      <Filter>Header Files</Filter>
    </ClInclude>
    <ClInclude Include="uniformbufferobject.h">
      <Filter>Header Files</Filter>
    </ClInclude>
    <ClInclude Include="texture.h">
      <Filter>Header Files</Filter>
    </ClInclude>
    <ClInclude Include="sharedgraphicsinfo.h">
      <Filter>Header Files</Filter>
    </ClInclude>
    <ClInclude Include="mesh.h">
      <Filter>Header Files</Filter>
    </ClInclude>
    <ClInclude Include="object.h">
      <Filter>Header Files</Filter>
    </ClInclude>
    <ClInclude Include="rotation.h">
      <Filter>Header Files</Filter>
    </ClInclude>
    <ClInclude Include="transformation.h">
      <Filter>Header Files</Filter>
    </ClInclude>
    <ClInclude Include="scale.h">
      <Filter>Header Files</Filter>
    </ClInclude>
    <ClInclude Include="translation.h">
      <Filter>Header Files</Filter>
    </ClInclude>
    <ClInclude Include="scene.h">
      <Filter>Header Files</Filter>
    </ClInclude>
    <ClInclude Include="camera.h">
      <Filter>Header Files</Filter>
    </ClInclude>
    <ClInclude Include="material.h">
      <Filter>Header Files</Filter>
    </ClInclude>
    <ClInclude Include="light.h">
      <Filter>Header Files</Filter>
    </ClInclude>
    <ClInclude Include="imguilight.h">
      <Filter>Header Files\imgui</Filter>
    </ClInclude>
    <ClInclude Include="imguiobject.h">
      <Filter>Header Files\imgui</Filter>
    </ClInclude>
    <ClInclude Include="mainmenu.h">
      <Filter>Header Files\imgui</Filter>
    </ClInclude>
    <ClInclude Include="..\..\Libaries\imGuIZMO.quat\imGuIZMO.quat\imGuIZMOquat.h">
      <Filter>Header Files\imgui\libs</Filter>
    </ClInclude>
    <ClInclude Include="..\..\Libaries\imnodes\imnodes.h">
      <Filter>Header Files\imgui\libs</Filter>
    </ClInclude>
    <ClInclude Include="..\..\Libaries\imnodes\imnodes_internal.h">
      <Filter>Header Files\imgui\libs</Filter>
    </ClInclude>
    <ClInclude Include="..\..\Libaries\imGuIZMO.quat\imGuIZMO.quat\vgConfig.h">
      <Filter>Header Files\imgui\libs</Filter>
    </ClInclude>
    <ClInclude Include="..\..\Libaries\imGuIZMO.quat\imGuIZMO.quat\vGizmo.h">
      <Filter>Header Files\imgui\libs</Filter>
    </ClInclude>
    <ClInclude Include="..\..\Libaries\imGuIZMO.quat\imGuIZMO.quat\vGizmoMath.h">
      <Filter>Header Files\imgui\libs</Filter>
    </ClInclude>
    <ClInclude Include="..\..\Libaries\imGuIZMO.quat\imGuIZMO.quat\vgMath.h">
      <Filter>Header Files\imgui\libs</Filter>
    </ClInclude>
    <ClInclude Include="imguitransformation.h">
      <Filter>Header Files\imgui</Filter>
    </ClInclude>
    <ClInclude Include="imguitranslation.h">
      <Filter>Header Files\imgui</Filter>
    </ClInclude>
    <ClInclude Include="imguiscale.h">
      <Filter>Header Files\imgui</Filter>
    </ClInclude>
    <ClInclude Include="imguirotation.h">
      <Filter>Header Files\imgui</Filter>
    </ClInclude>
    <ClInclude Include="nodeeditor.h">
      <Filter>Header Files\imgui\nodes</Filter>
    </ClInclude>
    <ClInclude Include="objectuniformbufferobject.h">
      <Filter>Header Files</Filter>
    </ClInclude>
    <ClInclude Include="materialuniformbufferobject.h">
      <Filter>Header Files</Filter>
    </ClInclude>
    <ClInclude Include="outputnode.h">
      <Filter>Header Files\imgui\nodes</Filter>
    </ClInclude>
    <ClInclude Include="node.h">
      <Filter>Header Files\imgui\nodes</Filter>
    </ClInclude>
    <ClInclude Include="texturenode.h">
      <Filter>Header Files\imgui\nodes</Filter>
    </ClInclude>
    <ClInclude Include="mixernode.h">
      <Filter>Header Files\imgui\nodes</Filter>
    </ClInclude>
    <ClInclude Include="colorconstnode.h">
      <Filter>Header Files\imgui\nodes</Filter>
    </ClInclude>
    <ClInclude Include="outputnodePBR.h">
      <Filter>Header Files\imgui\nodes</Filter>
    </ClInclude>
    <ClInclude Include="outputnodePhong.h">
      <Filter>Header Files\imgui\nodes</Filter>
    </ClInclude>
    <ClInclude Include="maskingnode.h">
      <Filter>Header Files\imgui\nodes</Filter>
    </ClInclude>
  </ItemGroup>
  <ItemGroup>
    <None Include="shaders\frag.spv">
      <Filter>shaders</Filter>
    </None>
    <None Include="shaders\shader.frag">
      <Filter>shaders</Filter>
    </None>
    <None Include="shaders\shader.vert">
      <Filter>shaders</Filter>
    </None>
    <None Include="shaders\vert.spv">
      <Filter>shaders</Filter>
    </None>
  </ItemGroup>
</Project>